
Microsoft Visual Studio Solution File, Format Version 12.00
# Visual Studio Version 17
VisualStudioVersion = 17.1.32328.378
MinimumVisualStudioVersion = 10.0.40219.1
Project("{9A19103F-16F7-4668-BE54-9A1E7A4F7556}") = "Domain", "Domain\Domain.csproj", "{8EADB1D6-07A4-4EB2-AAEA-0EDD2B63F2B3}"
EndProject
Project("{9A19103F-16F7-4668-BE54-9A1E7A4F7556}") = "Application", "Application\Application.csproj", "{EAAEA0B6-15FE-4E8B-9891-DA9E78F37F65}"
EndProject
Project("{9A19103F-16F7-4668-BE54-9A1E7A4F7556}") = "Infrastructure", "Infrastructure\Infrastructure.csproj", "{49EBDF0D-C12A-4DF2-8537-778DE3FBDB90}"
EndProject
Project("{2150E333-8FDC-42A3-9474-1A3956D46DE8}") = "Test", "Test", "{77574404-87B1-4375-AE84-9A2819E40AA7}"
EndProject
Project("{9A19103F-16F7-4668-BE54-9A1E7A4F7556}") = "Application.IntegrationTests", "tests\Applicaton.IntegrationTests\Application.IntegrationTests.csproj", "{0D848756-4D1A-4BA7-84D2-736D8155FCCC}"
EndProject
Project("{9A19103F-16F7-4668-BE54-9A1E7A4F7556}") = "WebAppBlazor.Server", "WebAppBlazor\Server\WebAppBlazor.Server.csproj", "{ACECB656-335D-458E-B151-921FD6050A44}"
EndProject
Project("{9A19103F-16F7-4668-BE54-9A1E7A4F7556}") = "ApplicationBackend", "ApplicationBackend\ApplicationBackend.csproj", "{DF4E9F73-B45C-4645-8132-B3B7A0C126D7}"
EndProject
Project("{9A19103F-16F7-4668-BE54-9A1E7A4F7556}") = "Domain.Contract", "Domain.Contract\Domain.Contract.csproj", "{F18A6084-F700-474F-80BF-A81A843F080C}"
EndProject
Project("{2150E333-8FDC-42A3-9474-1A3956D46DE8}") = "3rdTools", "3rdTools", "{0F7248D6-AB2B-4F77-887F-6A3D6337EAF2}"
EndProject
Project("{2150E333-8FDC-42A3-9474-1A3956D46DE8}") = "Commons", "Commons", "{02E8EEBD-26A3-4A1D-BCA3-D016007AE0A6}"
EndProject
Project("{2150E333-8FDC-42A3-9474-1A3956D46DE8}") = "CustomLogger", "CustomLogger", "{3EEB9574-3575-43F3-BE1A-712262CF058C}"
EndProject
Project("{2150E333-8FDC-42A3-9474-1A3956D46DE8}") = "Log4Net", "Log4Net", "{3AE979E8-D562-4B94-B2DA-0B61601601FB}"
EndProject
Project("{9A19103F-16F7-4668-BE54-9A1E7A4F7556}") = "Exceptions", "3rdTools\Commons\Exceptions\Exceptions.csproj", "{2B1F9EE8-3AE6-4CBF-85DC-35D212769332}"
EndProject
Project("{9A19103F-16F7-4668-BE54-9A1E7A4F7556}") = "Extensions", "3rdTools\Commons\Extensions\Extensions.csproj", "{957BED1E-AA5C-4CDA-812E-0DF4BF5D3D0D}"
EndProject
Project("{9A19103F-16F7-4668-BE54-9A1E7A4F7556}") = "SharedModels", "3rdTools\Commons\SharedModels\SharedModels.csproj", "{34E3F3A5-6EEB-4876-A20B-F8F140972344}"
EndProject
Project("{9A19103F-16F7-4668-BE54-9A1E7A4F7556}") = "Log4NetAdoNetAppender", "3rdTools\Log4Net\Log4NetAdoNetAppender\Log4NetAdoNetAppender.csproj", "{A996DFEE-876A-4F42-B3DA-A51832C813B5}"
EndProject
Project("{9A19103F-16F7-4668-BE54-9A1E7A4F7556}") = "Log4NetEmailAppender", "3rdTools\Log4Net\Log4NetEmailAppender\Log4NetEmailAppender.csproj", "{8F1A5D65-D56E-4EC6-AD6C-B723C9454D1C}"
EndProject
Project("{9A19103F-16F7-4668-BE54-9A1E7A4F7556}") = "CustomLoggers", "3rdTools\CustomLogger\CustomLogger\CustomLoggers.csproj", "{71AD9DED-D26E-4D41-BD25-6EFA8BED544A}"
EndProject
Project("{9A19103F-16F7-4668-BE54-9A1E7A4F7556}") = "CustomLoggers.Contract", "3rdTools\CustomLogger\CustomLogger.Contract\CustomLoggers.Contract.csproj", "{661C8459-1D2D-4EF9-96D9-93F48C262F8C}"
EndProject
Project("{2150E333-8FDC-42A3-9474-1A3956D46DE8}") = "Castle.DynamicLinqQueryBuilder", "Castle.DynamicLinqQueryBuilder", "{8A1C254E-8CF3-4C22-BE10-A75F7FDBC5B7}"
EndProject
Project("{9A19103F-16F7-4668-BE54-9A1E7A4F7556}") = "Castle.DynamicLinqQueryBuilder", "3rdTools\Castle.DynamicLinqQueryBuilder\Castle.DynamicLinqQueryBuilder\Castle.DynamicLinqQueryBuilder.csproj", "{BDB60170-8E1D-4758-A7D5-AC5F6F98915B}"
EndProject
Project("{9A19103F-16F7-4668-BE54-9A1E7A4F7556}") = "Castle.DynamicLinqQueryBuilder.Contract", "3rdTools\Castle.DynamicLinqQueryBuilder\Castle.DynamicLinqQueryBuilder.Contract\Castle.DynamicLinqQueryBuilder.Contract.csproj", "{DA4CBF54-9F66-4311-B0F6-9D3D491C5C3B}"
EndProject
Project("{9A19103F-16F7-4668-BE54-9A1E7A4F7556}") = "Log4NetElasticAppender", "3rdTools\Log4Net\Log4NetElasticAppender\Log4NetElasticAppender.csproj", "{034BF957-BDF1-4964-9DDC-5949639928C2}"
EndProject
Project("{2150E333-8FDC-42A3-9474-1A3956D46DE8}") = "Documents", "Documents", "{B1B6962E-52D8-476E-9725-E74B8A1DAEE8}"
	ProjectSection(SolutionItems) = preProject
		EntityCreation.txt = EntityCreation.txt
	EndProjectSection
EndProject
Project("{2150E333-8FDC-42A3-9474-1A3956D46DE8}") = "SeoSms", "SeoSms", "{BBC4F0FD-CC16-4D94-AE3F-051852EDC93B}"
EndProject
Project("{9A19103F-16F7-4668-BE54-9A1E7A4F7556}") = "GhasedakSmsService", "SeoSmsService\GhasedakSmsService.csproj", "{A1DF9196-5452-42C8-A0B6-734778D56901}"
EndProject
Project("{9A19103F-16F7-4668-BE54-9A1E7A4F7556}") = "SmsService.Contract", "SmsService.Contract\SmsService.Contract.csproj", "{94ACBA18-50D4-46AC-8D24-D5B0DCD6B61F}"
EndProject
Project("{2150E333-8FDC-42A3-9474-1A3956D46DE8}") = "NotificationManager", "NotificationManager", "{231DFF4B-D0B9-4C5D-AA07-885B4523F214}"
EndProject
Project("{9A19103F-16F7-4668-BE54-9A1E7A4F7556}") = "NotificationManagers", "3rdTools\NotificationManager\NotificationManagers\NotificationManagers.csproj", "{8C6567CE-B7CD-4560-A62E-5D1352B6F077}"
EndProject
Project("{9A19103F-16F7-4668-BE54-9A1E7A4F7556}") = "NotificationManagers.Contract", "3rdTools\NotificationManager\NotificationManagers.Contract\NotificationManagers.Contract.csproj", "{63B72E16-5808-4FB5-BDA5-8DDD529A57A6}"
EndProject
Global
	GlobalSection(SolutionConfigurationPlatforms) = preSolution
		Debug|Any CPU = Debug|Any CPU
		Release|Any CPU = Release|Any CPU
	EndGlobalSection
	GlobalSection(ProjectConfigurationPlatforms) = postSolution
		{8EADB1D6-07A4-4EB2-AAEA-0EDD2B63F2B3}.Debug|Any CPU.ActiveCfg = Debug|Any CPU
		{8EADB1D6-07A4-4EB2-AAEA-0EDD2B63F2B3}.Debug|Any CPU.Build.0 = Debug|Any CPU
		{8EADB1D6-07A4-4EB2-AAEA-0EDD2B63F2B3}.Release|Any CPU.ActiveCfg = Release|Any CPU
		{8EADB1D6-07A4-4EB2-AAEA-0EDD2B63F2B3}.Release|Any CPU.Build.0 = Release|Any CPU
		{EAAEA0B6-15FE-4E8B-9891-DA9E78F37F65}.Debug|Any CPU.ActiveCfg = Debug|Any CPU
		{EAAEA0B6-15FE-4E8B-9891-DA9E78F37F65}.Debug|Any CPU.Build.0 = Debug|Any CPU
		{EAAEA0B6-15FE-4E8B-9891-DA9E78F37F65}.Release|Any CPU.ActiveCfg = Release|Any CPU
		{EAAEA0B6-15FE-4E8B-9891-DA9E78F37F65}.Release|Any CPU.Build.0 = Release|Any CPU
		{49EBDF0D-C12A-4DF2-8537-778DE3FBDB90}.Debug|Any CPU.ActiveCfg = Debug|Any CPU
		{49EBDF0D-C12A-4DF2-8537-778DE3FBDB90}.Debug|Any CPU.Build.0 = Debug|Any CPU
		{49EBDF0D-C12A-4DF2-8537-778DE3FBDB90}.Release|Any CPU.ActiveCfg = Release|Any CPU
		{49EBDF0D-C12A-4DF2-8537-778DE3FBDB90}.Release|Any CPU.Build.0 = Release|Any CPU
		{0D848756-4D1A-4BA7-84D2-736D8155FCCC}.Debug|Any CPU.ActiveCfg = Debug|Any CPU
		{0D848756-4D1A-4BA7-84D2-736D8155FCCC}.Debug|Any CPU.Build.0 = Debug|Any CPU
		{0D848756-4D1A-4BA7-84D2-736D8155FCCC}.Release|Any CPU.ActiveCfg = Release|Any CPU
		{0D848756-4D1A-4BA7-84D2-736D8155FCCC}.Release|Any CPU.Build.0 = Release|Any CPU
		{ACECB656-335D-458E-B151-921FD6050A44}.Debug|Any CPU.ActiveCfg = Debug|Any CPU
		{ACECB656-335D-458E-B151-921FD6050A44}.Debug|Any CPU.Build.0 = Debug|Any CPU
		{ACECB656-335D-458E-B151-921FD6050A44}.Release|Any CPU.ActiveCfg = Release|Any CPU
		{ACECB656-335D-458E-B151-921FD6050A44}.Release|Any CPU.Build.0 = Release|Any CPU
		{DF4E9F73-B45C-4645-8132-B3B7A0C126D7}.Debug|Any CPU.ActiveCfg = Debug|Any CPU
		{DF4E9F73-B45C-4645-8132-B3B7A0C126D7}.Debug|Any CPU.Build.0 = Debug|Any CPU
		{DF4E9F73-B45C-4645-8132-B3B7A0C126D7}.Release|Any CPU.ActiveCfg = Release|Any CPU
		{DF4E9F73-B45C-4645-8132-B3B7A0C126D7}.Release|Any CPU.Build.0 = Release|Any CPU
		{F18A6084-F700-474F-80BF-A81A843F080C}.Debug|Any CPU.ActiveCfg = Debug|Any CPU
		{F18A6084-F700-474F-80BF-A81A843F080C}.Debug|Any CPU.Build.0 = Debug|Any CPU
		{F18A6084-F700-474F-80BF-A81A843F080C}.Release|Any CPU.ActiveCfg = Release|Any CPU
		{F18A6084-F700-474F-80BF-A81A843F080C}.Release|Any CPU.Build.0 = Release|Any CPU
		{2B1F9EE8-3AE6-4CBF-85DC-35D212769332}.Debug|Any CPU.ActiveCfg = Debug|Any CPU
		{2B1F9EE8-3AE6-4CBF-85DC-35D212769332}.Debug|Any CPU.Build.0 = Debug|Any CPU
		{2B1F9EE8-3AE6-4CBF-85DC-35D212769332}.Release|Any CPU.ActiveCfg = Release|Any CPU
		{2B1F9EE8-3AE6-4CBF-85DC-35D212769332}.Release|Any CPU.Build.0 = Release|Any CPU
		{957BED1E-AA5C-4CDA-812E-0DF4BF5D3D0D}.Debug|Any CPU.ActiveCfg = Debug|Any CPU
		{957BED1E-AA5C-4CDA-812E-0DF4BF5D3D0D}.Debug|Any CPU.Build.0 = Debug|Any CPU
		{957BED1E-AA5C-4CDA-812E-0DF4BF5D3D0D}.Release|Any CPU.ActiveCfg = Release|Any CPU
		{957BED1E-AA5C-4CDA-812E-0DF4BF5D3D0D}.Release|Any CPU.Build.0 = Release|Any CPU
		{34E3F3A5-6EEB-4876-A20B-F8F140972344}.Debug|Any CPU.ActiveCfg = Debug|Any CPU
		{34E3F3A5-6EEB-4876-A20B-F8F140972344}.Debug|Any CPU.Build.0 = Debug|Any CPU
		{34E3F3A5-6EEB-4876-A20B-F8F140972344}.Release|Any CPU.ActiveCfg = Release|Any CPU
		{34E3F3A5-6EEB-4876-A20B-F8F140972344}.Release|Any CPU.Build.0 = Release|Any CPU
		{A996DFEE-876A-4F42-B3DA-A51832C813B5}.Debug|Any CPU.ActiveCfg = Debug|Any CPU
		{A996DFEE-876A-4F42-B3DA-A51832C813B5}.Debug|Any CPU.Build.0 = Debug|Any CPU
		{A996DFEE-876A-4F42-B3DA-A51832C813B5}.Release|Any CPU.ActiveCfg = Release|Any CPU
		{A996DFEE-876A-4F42-B3DA-A51832C813B5}.Release|Any CPU.Build.0 = Release|Any CPU
		{8F1A5D65-D56E-4EC6-AD6C-B723C9454D1C}.Debug|Any CPU.ActiveCfg = Debug|Any CPU
		{8F1A5D65-D56E-4EC6-AD6C-B723C9454D1C}.Debug|Any CPU.Build.0 = Debug|Any CPU
		{8F1A5D65-D56E-4EC6-AD6C-B723C9454D1C}.Release|Any CPU.ActiveCfg = Release|Any CPU
		{8F1A5D65-D56E-4EC6-AD6C-B723C9454D1C}.Release|Any CPU.Build.0 = Release|Any CPU
		{71AD9DED-D26E-4D41-BD25-6EFA8BED544A}.Debug|Any CPU.ActiveCfg = Debug|Any CPU
		{71AD9DED-D26E-4D41-BD25-6EFA8BED544A}.Debug|Any CPU.Build.0 = Debug|Any CPU
		{71AD9DED-D26E-4D41-BD25-6EFA8BED544A}.Release|Any CPU.ActiveCfg = Release|Any CPU
		{71AD9DED-D26E-4D41-BD25-6EFA8BED544A}.Release|Any CPU.Build.0 = Release|Any CPU
		{661C8459-1D2D-4EF9-96D9-93F48C262F8C}.Debug|Any CPU.ActiveCfg = Debug|Any CPU
		{661C8459-1D2D-4EF9-96D9-93F48C262F8C}.Debug|Any CPU.Build.0 = Debug|Any CPU
		{661C8459-1D2D-4EF9-96D9-93F48C262F8C}.Release|Any CPU.ActiveCfg = Release|Any CPU
		{661C8459-1D2D-4EF9-96D9-93F48C262F8C}.Release|Any CPU.Build.0 = Release|Any CPU
		{BDB60170-8E1D-4758-A7D5-AC5F6F98915B}.Debug|Any CPU.ActiveCfg = Debug|Any CPU
		{BDB60170-8E1D-4758-A7D5-AC5F6F98915B}.Debug|Any CPU.Build.0 = Debug|Any CPU
		{BDB60170-8E1D-4758-A7D5-AC5F6F98915B}.Release|Any CPU.ActiveCfg = Release|Any CPU
		{BDB60170-8E1D-4758-A7D5-AC5F6F98915B}.Release|Any CPU.Build.0 = Release|Any CPU
		{DA4CBF54-9F66-4311-B0F6-9D3D491C5C3B}.Debug|Any CPU.ActiveCfg = Debug|Any CPU
		{DA4CBF54-9F66-4311-B0F6-9D3D491C5C3B}.Debug|Any CPU.Build.0 = Debug|Any CPU
		{DA4CBF54-9F66-4311-B0F6-9D3D491C5C3B}.Release|Any CPU.ActiveCfg = Release|Any CPU
		{DA4CBF54-9F66-4311-B0F6-9D3D491C5C3B}.Release|Any CPU.Build.0 = Release|Any CPU
		{034BF957-BDF1-4964-9DDC-5949639928C2}.Debug|Any CPU.ActiveCfg = Debug|Any CPU
		{034BF957-BDF1-4964-9DDC-5949639928C2}.Debug|Any CPU.Build.0 = Debug|Any CPU
		{034BF957-BDF1-4964-9DDC-5949639928C2}.Release|Any CPU.ActiveCfg = Release|Any CPU
		{034BF957-BDF1-4964-9DDC-5949639928C2}.Release|Any CPU.Build.0 = Release|Any CPU
		{A1DF9196-5452-42C8-A0B6-734778D56901}.Debug|Any CPU.ActiveCfg = Debug|Any CPU
		{A1DF9196-5452-42C8-A0B6-734778D56901}.Debug|Any CPU.Build.0 = Debug|Any CPU
		{A1DF9196-5452-42C8-A0B6-734778D56901}.Release|Any CPU.ActiveCfg = Release|Any CPU
		{A1DF9196-5452-42C8-A0B6-734778D56901}.Release|Any CPU.Build.0 = Release|Any CPU
		{94ACBA18-50D4-46AC-8D24-D5B0DCD6B61F}.Debug|Any CPU.ActiveCfg = Debug|Any CPU
		{94ACBA18-50D4-46AC-8D24-D5B0DCD6B61F}.Debug|Any CPU.Build.0 = Debug|Any CPU
		{94ACBA18-50D4-46AC-8D24-D5B0DCD6B61F}.Release|Any CPU.ActiveCfg = Release|Any CPU
		{94ACBA18-50D4-46AC-8D24-D5B0DCD6B61F}.Release|Any CPU.Build.0 = Release|Any CPU
		{8C6567CE-B7CD-4560-A62E-5D1352B6F077}.Debug|Any CPU.ActiveCfg = Debug|Any CPU
		{8C6567CE-B7CD-4560-A62E-5D1352B6F077}.Debug|Any CPU.Build.0 = Debug|Any CPU
		{8C6567CE-B7CD-4560-A62E-5D1352B6F077}.Release|Any CPU.ActiveCfg = Release|Any CPU
		{8C6567CE-B7CD-4560-A62E-5D1352B6F077}.Release|Any CPU.Build.0 = Release|Any CPU
		{63B72E16-5808-4FB5-BDA5-8DDD529A57A6}.Debug|Any CPU.ActiveCfg = Debug|Any CPU
		{63B72E16-5808-4FB5-BDA5-8DDD529A57A6}.Debug|Any CPU.Build.0 = Debug|Any CPU
		{63B72E16-5808-4FB5-BDA5-8DDD529A57A6}.Release|Any CPU.ActiveCfg = Release|Any CPU
		{63B72E16-5808-4FB5-BDA5-8DDD529A57A6}.Release|Any CPU.Build.0 = Release|Any CPU
	EndGlobalSection
	GlobalSection(SolutionProperties) = preSolution
		HideSolutionNode = FALSE
	EndGlobalSection
	GlobalSection(NestedProjects) = preSolution
		{0D848756-4D1A-4BA7-84D2-736D8155FCCC} = {77574404-87B1-4375-AE84-9A2819E40AA7}
		{02E8EEBD-26A3-4A1D-BCA3-D016007AE0A6} = {0F7248D6-AB2B-4F77-887F-6A3D6337EAF2}
		{3EEB9574-3575-43F3-BE1A-712262CF058C} = {0F7248D6-AB2B-4F77-887F-6A3D6337EAF2}
		{3AE979E8-D562-4B94-B2DA-0B61601601FB} = {0F7248D6-AB2B-4F77-887F-6A3D6337EAF2}
		{2B1F9EE8-3AE6-4CBF-85DC-35D212769332} = {02E8EEBD-26A3-4A1D-BCA3-D016007AE0A6}
		{957BED1E-AA5C-4CDA-812E-0DF4BF5D3D0D} = {02E8EEBD-26A3-4A1D-BCA3-D016007AE0A6}
		{34E3F3A5-6EEB-4876-A20B-F8F140972344} = {02E8EEBD-26A3-4A1D-BCA3-D016007AE0A6}
		{A996DFEE-876A-4F42-B3DA-A51832C813B5} = {3AE979E8-D562-4B94-B2DA-0B61601601FB}
		{8F1A5D65-D56E-4EC6-AD6C-B723C9454D1C} = {3AE979E8-D562-4B94-B2DA-0B61601601FB}
		{71AD9DED-D26E-4D41-BD25-6EFA8BED544A} = {3EEB9574-3575-43F3-BE1A-712262CF058C}
		{661C8459-1D2D-4EF9-96D9-93F48C262F8C} = {3EEB9574-3575-43F3-BE1A-712262CF058C}
		{8A1C254E-8CF3-4C22-BE10-A75F7FDBC5B7} = {0F7248D6-AB2B-4F77-887F-6A3D6337EAF2}
		{BDB60170-8E1D-4758-A7D5-AC5F6F98915B} = {8A1C254E-8CF3-4C22-BE10-A75F7FDBC5B7}
		{DA4CBF54-9F66-4311-B0F6-9D3D491C5C3B} = {8A1C254E-8CF3-4C22-BE10-A75F7FDBC5B7}
		{034BF957-BDF1-4964-9DDC-5949639928C2} = {3AE979E8-D562-4B94-B2DA-0B61601601FB}
		{BBC4F0FD-CC16-4D94-AE3F-051852EDC93B} = {0F7248D6-AB2B-4F77-887F-6A3D6337EAF2}
		{A1DF9196-5452-42C8-A0B6-734778D56901} = {BBC4F0FD-CC16-4D94-AE3F-051852EDC93B}
		{94ACBA18-50D4-46AC-8D24-D5B0DCD6B61F} = {BBC4F0FD-CC16-4D94-AE3F-051852EDC93B}
		{231DFF4B-D0B9-4C5D-AA07-885B4523F214} = {0F7248D6-AB2B-4F77-887F-6A3D6337EAF2}
		{8C6567CE-B7CD-4560-A62E-5D1352B6F077} = {231DFF4B-D0B9-4C5D-AA07-885B4523F214}
		{63B72E16-5808-4FB5-BDA5-8DDD529A57A6} = {231DFF4B-D0B9-4C5D-AA07-885B4523F214}
	EndGlobalSection
	GlobalSection(ExtensibilityGlobals) = postSolution
		SolutionGuid = {B5A16EA1-348A-44E8-BCB4-83FA3702BD97}
	EndGlobalSection
EndGlobal
